
Microsoft Visual Studio Solution File, Format Version 12.00
# Visual Studio 2012
Project("{FAE04EC0-301F-11D3-BF4B-00C04F79EFBC}") = "EntityMusikindex", "EntityMusikindex\EntityMusikindex.csproj", "{A9B8C1F3-EFBC-4FF6-853E-42CD5B06C781}"
EndProject
Project("{FAE04EC0-301F-11D3-BF4B-00C04F79EFBC}") = "TemplateSync", "TemplateSync\TemplateSync.csproj", "{DB36984E-DC7B-4304-8E11-D875B7C8A121}"
EndProject
Project("{FAE04EC0-301F-11D3-BF4B-00C04F79EFBC}") = "lårt", "lårt\lårt.csproj", "{BE0E9F34-5527-41DD-8DCE-1483EFA5D747}"
EndProject
Project("{FAE04EC0-301F-11D3-BF4B-00C04F79EFBC}") = "MetadataReader", "MetadataReader\MetadataReader.csproj", "{97F9252F-F30D-41CF-BB96-050068FD1948}"
EndProject
Project("{FAE04EC0-301F-11D3-BF4B-00C04F79EFBC}") = "dbclases", "dbclases\dbclases.csproj", "{D16CE8E0-B4FC-4152-BBA1-14170D833736}"
EndProject
Project("{FAE04EC0-301F-11D3-BF4B-00C04F79EFBC}") = "Dbtester", "Dbtester\Dbtester.csproj", "{87B638E2-6FC8-4632-82CB-506B4F516F2E}"
EndProject
Project("{FAE04EC0-301F-11D3-BF4B-00C04F79EFBC}") = "Live555", "Live555\Live555.csproj", "{CC85FBE0-C95D-4C5F-A03E-98ACAF9FD486}"
EndProject
Global
	GlobalSection(SolutionConfigurationPlatforms) = preSolution
		Debug|Any CPU = Debug|Any CPU
		Release|Any CPU = Release|Any CPU
	EndGlobalSection
	GlobalSection(ProjectConfigurationPlatforms) = postSolution
		{A9B8C1F3-EFBC-4FF6-853E-42CD5B06C781}.Debug|Any CPU.ActiveCfg = Debug|Any CPU
		{A9B8C1F3-EFBC-4FF6-853E-42CD5B06C781}.Debug|Any CPU.Build.0 = Debug|Any CPU
		{A9B8C1F3-EFBC-4FF6-853E-42CD5B06C781}.Release|Any CPU.ActiveCfg = Release|Any CPU
		{A9B8C1F3-EFBC-4FF6-853E-42CD5B06C781}.Release|Any CPU.Build.0 = Release|Any CPU
		{DB36984E-DC7B-4304-8E11-D875B7C8A121}.Debug|Any CPU.ActiveCfg = Debug|Any CPU
		{DB36984E-DC7B-4304-8E11-D875B7C8A121}.Debug|Any CPU.Build.0 = Debug|Any CPU
		{DB36984E-DC7B-4304-8E11-D875B7C8A121}.Release|Any CPU.ActiveCfg = Release|Any CPU
		{DB36984E-DC7B-4304-8E11-D875B7C8A121}.Release|Any CPU.Build.0 = Release|Any CPU
		{BE0E9F34-5527-41DD-8DCE-1483EFA5D747}.Debug|Any CPU.ActiveCfg = Debug|Any CPU
		{BE0E9F34-5527-41DD-8DCE-1483EFA5D747}.Debug|Any CPU.Build.0 = Debug|Any CPU
		{BE0E9F34-5527-41DD-8DCE-1483EFA5D747}.Release|Any CPU.ActiveCfg = Release|Any CPU
		{BE0E9F34-5527-41DD-8DCE-1483EFA5D747}.Release|Any CPU.Build.0 = Release|Any CPU
		{97F9252F-F30D-41CF-BB96-050068FD1948}.Debug|Any CPU.ActiveCfg = Debug|Any CPU
		{97F9252F-F30D-41CF-BB96-050068FD1948}.Debug|Any CPU.Build.0 = Debug|Any CPU
		{97F9252F-F30D-41CF-BB96-050068FD1948}.Release|Any CPU.ActiveCfg = Release|Any CPU
		{97F9252F-F30D-41CF-BB96-050068FD1948}.Release|Any CPU.Build.0 = Release|Any CPU
		{D16CE8E0-B4FC-4152-BBA1-14170D833736}.Debug|Any CPU.ActiveCfg = Debug|Any CPU
		{D16CE8E0-B4FC-4152-BBA1-14170D833736}.Debug|Any CPU.Build.0 = Debug|Any CPU
		{D16CE8E0-B4FC-4152-BBA1-14170D833736}.Release|Any CPU.ActiveCfg = Release|Any CPU
		{D16CE8E0-B4FC-4152-BBA1-14170D833736}.Release|Any CPU.Build.0 = Release|Any CPU
		{87B638E2-6FC8-4632-82CB-506B4F516F2E}.Debug|Any CPU.ActiveCfg = Debug|Any CPU
		{87B638E2-6FC8-4632-82CB-506B4F516F2E}.Debug|Any CPU.Build.0 = Debug|Any CPU
		{87B638E2-6FC8-4632-82CB-506B4F516F2E}.Release|Any CPU.ActiveCfg = Release|Any CPU
		{87B638E2-6FC8-4632-82CB-506B4F516F2E}.Release|Any CPU.Build.0 = Release|Any CPU
		{CC85FBE0-C95D-4C5F-A03E-98ACAF9FD486}.Debug|Any CPU.ActiveCfg = Debug|Any CPU
		{CC85FBE0-C95D-4C5F-A03E-98ACAF9FD486}.Debug|Any CPU.Build.0 = Debug|Any CPU
		{CC85FBE0-C95D-4C5F-A03E-98ACAF9FD486}.Release|Any CPU.ActiveCfg = Release|Any CPU
		{CC85FBE0-C95D-4C5F-A03E-98ACAF9FD486}.Release|Any CPU.Build.0 = Release|Any CPU
	EndGlobalSection
	GlobalSection(SolutionProperties) = preSolution
		HideSolutionNode = FALSE
	EndGlobalSection
EndGlobal
